// !$*UTF8*$!
{
	archiveVersion = 1;
	classes = {
	};
	objectVersion = 46;
	objects = {

/* Begin PBXBuildFile section */
		93276FAD1E633E250074A962 /* GoogleService-Info.plist in Resources */ = {isa = PBXBuildFile; fileRef = 93276FAC1E633E250074A962 /* GoogleService-Info.plist */; };
		9352FB2C1DC2CFF000DC0B60 /* ThirdViewController.swift in Sources */ = {isa = PBXBuildFile; fileRef = 9352FB2B1DC2CFF000DC0B60 /* ThirdViewController.swift */; };
		939921551DAD3FDF0043B058 /* AppDelegate.swift in Sources */ = {isa = PBXBuildFile; fileRef = 939921541DAD3FDF0043B058 /* AppDelegate.swift */; };
		939921571DAD3FDF0043B058 /* FirstViewController.swift in Sources */ = {isa = PBXBuildFile; fileRef = 939921561DAD3FDF0043B058 /* FirstViewController.swift */; };
		939921591DAD3FDF0043B058 /* SecondViewController.swift in Sources */ = {isa = PBXBuildFile; fileRef = 939921581DAD3FDF0043B058 /* SecondViewController.swift */; };
		9399215C1DAD3FDF0043B058 /* Main.storyboard in Resources */ = {isa = PBXBuildFile; fileRef = 9399215A1DAD3FDF0043B058 /* Main.storyboard */; };
		9399215E1DAD3FDF0043B058 /* Assets.xcassets in Resources */ = {isa = PBXBuildFile; fileRef = 9399215D1DAD3FDF0043B058 /* Assets.xcassets */; };
		939921611DAD3FDF0043B058 /* LaunchScreen.storyboard in Resources */ = {isa = PBXBuildFile; fileRef = 9399215F1DAD3FDF0043B058 /* LaunchScreen.storyboard */; };
		93A988ED1DC34B3F00E9E203 /* Termin.swift in Sources */ = {isa = PBXBuildFile; fileRef = 93A988EC1DC34B3F00E9E203 /* Termin.swift */; };
		93A988F11DC3588C00E9E203 /* Cell.swift in Sources */ = {isa = PBXBuildFile; fileRef = 93A988F01DC3588C00E9E203 /* Cell.swift */; };
		93F92A031DD23369005F8809 /* CollectionViewController.swift in Sources */ = {isa = PBXBuildFile; fileRef = 93F92A021DD23369005F8809 /* CollectionViewController.swift */; };
		93F92A051DD2838A005F8809 /* CollectionViewCell.swift in Sources */ = {isa = PBXBuildFile; fileRef = 93F92A041DD2838A005F8809 /* CollectionViewCell.swift */; };
		EE731D86576E7B3C148999F6 /* Pods_i_______.framework in Frameworks */ = {isa = PBXBuildFile; fileRef = 839198A823EAD93B2AEA98BE /* Pods_i_______.framework */; };
/* End PBXBuildFile section */

/* Begin PBXFileReference section */
		839198A823EAD93B2AEA98BE /* Pods_i_______.framework */ = {isa = PBXFileReference; explicitFileType = wrapper.framework; includeInIndex = 0; path = "Pods_i_______.framework"; sourceTree = BUILT_PRODUCTS_DIR; };
		93276FAC1E633E250074A962 /* GoogleService-Info.plist */ = {isa = PBXFileReference; fileEncoding = 4; lastKnownFileType = text.plist.xml; path = "GoogleService-Info.plist"; sourceTree = SOURCE_ROOT; };
		9352FB2B1DC2CFF000DC0B60 /* ThirdViewController.swift */ = {isa = PBXFileReference; fileEncoding = 4; lastKnownFileType = sourcecode.swift; path = ThirdViewController.swift; sourceTree = "<group>"; };
		939921511DAD3FDF0043B058 /* iсварщик.app */ = {isa = PBXFileReference; explicitFileType = wrapper.application; includeInIndex = 0; path = "iсварщик.app"; sourceTree = BUILT_PRODUCTS_DIR; };
		939921541DAD3FDF0043B058 /* AppDelegate.swift */ = {isa = PBXFileReference; lastKnownFileType = sourcecode.swift; path = AppDelegate.swift; sourceTree = "<group>"; };
		939921561DAD3FDF0043B058 /* FirstViewController.swift */ = {isa = PBXFileReference; lastKnownFileType = sourcecode.swift; path = FirstViewController.swift; sourceTree = "<group>"; };
		939921581DAD3FDF0043B058 /* SecondViewController.swift */ = {isa = PBXFileReference; lastKnownFileType = sourcecode.swift; path = SecondViewController.swift; sourceTree = "<group>"; };
		9399215D1DAD3FDF0043B058 /* Assets.xcassets */ = {isa = PBXFileReference; lastKnownFileType = folder.assetcatalog; path = Assets.xcassets; sourceTree = "<group>"; };
		939921621DAD3FDF0043B058 /* Info.plist */ = {isa = PBXFileReference; lastKnownFileType = text.plist.xml; path = Info.plist; sourceTree = "<group>"; };
		93A988EC1DC34B3F00E9E203 /* Termin.swift */ = {isa = PBXFileReference; fileEncoding = 4; lastKnownFileType = sourcecode.swift; path = Termin.swift; sourceTree = "<group>"; };
		93A988F01DC3588C00E9E203 /* Cell.swift */ = {isa = PBXFileReference; fileEncoding = 4; lastKnownFileType = sourcecode.swift; path = Cell.swift; sourceTree = "<group>"; };
		93A988F41DC3C72700E9E203 /* ru */ = {isa = PBXFileReference; lastKnownFileType = file.storyboard; name = ru; path = ru.lproj/Main.storyboard; sourceTree = "<group>"; };
		93A988F51DC3C72700E9E203 /* ru */ = {isa = PBXFileReference; lastKnownFileType = file.storyboard; name = ru; path = ru.lproj/LaunchScreen.storyboard; sourceTree = "<group>"; };
		93F92A021DD23369005F8809 /* CollectionViewController.swift */ = {isa = PBXFileReference; fileEncoding = 4; lastKnownFileType = sourcecode.swift; path = CollectionViewController.swift; sourceTree = "<group>"; };
		93F92A041DD2838A005F8809 /* CollectionViewCell.swift */ = {isa = PBXFileReference; fileEncoding = 4; lastKnownFileType = sourcecode.swift; path = CollectionViewCell.swift; sourceTree = "<group>"; };
		B55C3CCE2D658987642F2578 /* Pods-iсварщик.release.xcconfig */ = {isa = PBXFileReference; includeInIndex = 1; lastKnownFileType = text.xcconfig; name = "Pods-iсварщик.release.xcconfig"; path = "Pods/Target Support Files/Pods-iсварщик/Pods-iсварщик.release.xcconfig"; sourceTree = "<group>"; };
		F9B5C6D4A3713441FF189347 /* Pods-iсварщик.debug.xcconfig */ = {isa = PBXFileReference; includeInIndex = 1; lastKnownFileType = text.xcconfig; name = "Pods-iсварщик.debug.xcconfig"; path = "Pods/Target Support Files/Pods-iсварщик/Pods-iсварщик.debug.xcconfig"; sourceTree = "<group>"; };
/* End PBXFileReference section */

/* Begin PBXFrameworksBuildPhase section */
		9399214E1DAD3FDF0043B058 /* Frameworks */ = {
			isa = PBXFrameworksBuildPhase;
			buildActionMask = 2147483647;
			files = (
				EE731D86576E7B3C148999F6 /* Pods_i_______.framework in Frameworks */,
			);
			runOnlyForDeploymentPostprocessing = 0;
		};
/* End PBXFrameworksBuildPhase section */

/* Begin PBXGroup section */
		23AF57F03608365907CFE8C8 /* Frameworks */ = {
			isa = PBXGroup;
			children = (
				839198A823EAD93B2AEA98BE /* Pods_i_______.framework */,
			);
			name = Frameworks;
			sourceTree = "<group>";
		};
		939921481DAD3FDF0043B058 = {
			isa = PBXGroup;
			children = (
				939921531DAD3FDF0043B058 /* iсварщик */,
				939921521DAD3FDF0043B058 /* Products */,
				B0CBC57ECAD97AF29291C810 /* Pods */,
				23AF57F03608365907CFE8C8 /* Frameworks */,
			);
			sourceTree = "<group>";
		};
		939921521DAD3FDF0043B058 /* Products */ = {
			isa = PBXGroup;
			children = (
				939921511DAD3FDF0043B058 /* iсварщик.app */,
			);
			name = Products;
			sourceTree = "<group>";
		};
		939921531DAD3FDF0043B058 /* iсварщик */ = {
			isa = PBXGroup;
			children = (
				939921541DAD3FDF0043B058 /* AppDelegate.swift */,
				939921561DAD3FDF0043B058 /* FirstViewController.swift */,
				9352FB2B1DC2CFF000DC0B60 /* ThirdViewController.swift */,
				939921581DAD3FDF0043B058 /* SecondViewController.swift */,
				93A988EC1DC34B3F00E9E203 /* Termin.swift */,
				93A988F01DC3588C00E9E203 /* Cell.swift */,
				93F92A021DD23369005F8809 /* CollectionViewController.swift */,
				93F92A041DD2838A005F8809 /* CollectionViewCell.swift */,
				9399215A1DAD3FDF0043B058 /* Main.storyboard */,
				9399215D1DAD3FDF0043B058 /* Assets.xcassets */,
				9399215F1DAD3FDF0043B058 /* LaunchScreen.storyboard */,
				939921621DAD3FDF0043B058 /* Info.plist */,
				93276FAC1E633E250074A962 /* GoogleService-Info.plist */,
			);
			path = "iсварщик";
			sourceTree = "<group>";
		};
		B0CBC57ECAD97AF29291C810 /* Pods */ = {
			isa = PBXGroup;
			children = (
				F9B5C6D4A3713441FF189347 /* Pods-iсварщик.debug.xcconfig */,
				B55C3CCE2D658987642F2578 /* Pods-iсварщик.release.xcconfig */,
			);
			name = Pods;
			sourceTree = "<group>";
		};
/* End PBXGroup section */

/* Begin PBXNativeTarget section */
		939921501DAD3FDF0043B058 /* iсварщик */ = {
			isa = PBXNativeTarget;
			buildConfigurationList = 939921651DAD3FDF0043B058 /* Build configuration list for PBXNativeTarget "iсварщик" */;
			buildPhases = (
				23052BFA9223FA30E970661C /* [CP] Check Pods Manifest.lock */,
				9399214D1DAD3FDF0043B058 /* Sources */,
				9399214E1DAD3FDF0043B058 /* Frameworks */,
				9399214F1DAD3FDF0043B058 /* Resources */,
				64660A778217252C738B7628 /* [CP] Embed Pods Frameworks */,
				6D9E263FEF51671B0F269C34 /* [CP] Copy Pods Resources */,
			);
			buildRules = (
			);
			dependencies = (
			);
			name = "iсварщик";
			productName = "iсварщик";
			productReference = 939921511DAD3FDF0043B058 /* iсварщик.app */;
			productType = "com.apple.product-type.application";
		};
/* End PBXNativeTarget section */

/* Begin PBXProject section */
		939921491DAD3FDF0043B058 /* Project object */ = {
			isa = PBXProject;
			attributes = {
				CLASSPREFIX = "";
				LastSwiftUpdateCheck = 0730;
				LastUpgradeCheck = 0810;
				ORGANIZATIONNAME = "Sergey Kopytov";
				TargetAttributes = {
					939921501DAD3FDF0043B058 = {
						CreatedOnToolsVersion = 7.3;
						DevelopmentTeam = D6EK8XP63P;
						LastSwiftMigration = 0800;
					};
				};
			};
			buildConfigurationList = 9399214C1DAD3FDF0043B058 /* Build configuration list for PBXProject "iCварщик" */;
			compatibilityVersion = "Xcode 3.2";
			developmentRegion = English;
			hasScannedForEncodings = 0;
			knownRegions = (
				en,
			);
			mainGroup = 939921481DAD3FDF0043B058;
			productRefGroup = 939921521DAD3FDF0043B058 /* Products */;
			projectDirPath = "";
			projectRoot = "";
			targets = (
				939921501DAD3FDF0043B058 /* iсварщик */,
			);
		};
/* End PBXProject section */

/* Begin PBXResourcesBuildPhase section */
		9399214F1DAD3FDF0043B058 /* Resources */ = {
			isa = PBXResourcesBuildPhase;
			buildActionMask = 2147483647;
			files = (
				939921611DAD3FDF0043B058 /* LaunchScreen.storyboard in Resources */,
				93276FAD1E633E250074A962 /* GoogleService-Info.plist in Resources */,
				9399215E1DAD3FDF0043B058 /* Assets.xcassets in Resources */,
				9399215C1DAD3FDF0043B058 /* Main.storyboard in Resources */,
			);
			runOnlyForDeploymentPostprocessing = 0;
		};
/* End PBXResourcesBuildPhase section */

/* Begin PBXShellScriptBuildPhase section */
		23052BFA9223FA30E970661C /* [CP] Check Pods Manifest.lock */ = {
			isa = PBXShellScriptBuildPhase;
			buildActionMask = 2147483647;
			files = (
			);
			inputPaths = (
			);
			name = "[CP] Check Pods Manifest.lock";
			outputPaths = (
			);
			runOnlyForDeploymentPostprocessing = 0;
			shellPath = /bin/sh;
			shellScript = "diff \"${PODS_ROOT}/../Podfile.lock\" \"${PODS_ROOT}/Manifest.lock\" > /dev/null\nif [ $? != 0 ] ; then\n    # print error to STDERR\n    echo \"error: The sandbox is not in sync with the Podfile.lock. Run 'pod install' or update your CocoaPods installation.\" >&2\n    exit 1\nfi\n";
			showEnvVarsInLog = 0;
		};
		64660A778217252C738B7628 /* [CP] Embed Pods Frameworks */ = {
			isa = PBXShellScriptBuildPhase;
			buildActionMask = 2147483647;
			files = (
			);
			inputPaths = (
			);
			name = "[CP] Embed Pods Frameworks";
			outputPaths = (
			);
			runOnlyForDeploymentPostprocessing = 0;
			shellPath = /bin/sh;
			shellScript = "\"${SRCROOT}/Pods/Target Support Files/Pods-iсварщик/Pods-iсварщик-frameworks.sh\"\n";
			showEnvVarsInLog = 0;
		};
		6D9E263FEF51671B0F269C34 /* [CP] Copy Pods Resources */ = {
			isa = PBXShellScriptBuildPhase;
			buildActionMask = 2147483647;
			files = (
			);
			inputPaths = (
			);
			name = "[CP] Copy Pods Resources";
			outputPaths = (
			);
			runOnlyForDeploymentPostprocessing = 0;
			shellPath = /bin/sh;
			shellScript = "\"${SRCROOT}/Pods/Target Support Files/Pods-iсварщик/Pods-iсварщик-resources.sh\"\n";
			showEnvVarsInLog = 0;
		};
/* End PBXShellScriptBuildPhase section */

/* Begin PBXSourcesBuildPhase section */
		9399214D1DAD3FDF0043B058 /* Sources */ = {
			isa = PBXSourcesBuildPhase;
			buildActionMask = 2147483647;
			files = (
				939921591DAD3FDF0043B058 /* SecondViewController.swift in Sources */,
				939921551DAD3FDF0043B058 /* AppDelegate.swift in Sources */,
				93F92A051DD2838A005F8809 /* CollectionViewCell.swift in Sources */,
				93A988ED1DC34B3F00E9E203 /* Termin.swift in Sources */,
				9352FB2C1DC2CFF000DC0B60 /* ThirdViewController.swift in Sources */,
				93F92A031DD23369005F8809 /* CollectionViewController.swift in Sources */,
				939921571DAD3FDF0043B058 /* FirstViewController.swift in Sources */,
				93A988F11DC3588C00E9E203 /* Cell.swift in Sources */,
			);
			runOnlyForDeploymentPostprocessing = 0;
		};
/* End PBXSourcesBuildPhase section */

/* Begin PBXVariantGroup section */
		9399215A1DAD3FDF0043B058 /* Main.storyboard */ = {
			isa = PBXVariantGroup;
			children = (
				93A988F41DC3C72700E9E203 /* ru */,
			);
			name = Main.storyboard;
			sourceTree = "<group>";
		};
		9399215F1DAD3FDF0043B058 /* LaunchScreen.storyboard */ = {
			isa = PBXVariantGroup;
			children = (
				93A988F51DC3C72700E9E203 /* ru */,
			);
			name = LaunchScreen.storyboard;
			sourceTree = "<group>";
		};
/* End PBXVariantGroup section */

/* Begin XCBuildConfiguration section */
		939921631DAD3FDF0043B058 /* Debug */ = {
			isa = XCBuildConfiguration;
			buildSettings = {
				ALWAYS_SEARCH_USER_PATHS = NO;
				CLANG_ANALYZER_LOCALIZABILITY_NONLOCALIZED = YES;
				CLANG_ANALYZER_NONNULL = YES;
				CLANG_CXX_LANGUAGE_STANDARD = "gnu++0x";
				CLANG_CXX_LIBRARY = "libc++";
				CLANG_ENABLE_MODULES = YES;
				CLANG_ENABLE_OBJC_ARC = YES;
				CLANG_WARN_BOOL_CONVERSION = YES;
				CLANG_WARN_CONSTANT_CONVERSION = YES;
				CLANG_WARN_DIRECT_OBJC_ISA_USAGE = YES_ERROR;
				CLANG_WARN_EMPTY_BODY = YES;
				CLANG_WARN_ENUM_CONVERSION = YES;
				CLANG_WARN_INFINITE_RECURSION = YES;
				CLANG_WARN_INT_CONVERSION = YES;
				CLANG_WARN_OBJC_ROOT_CLASS = YES_ERROR;
				CLANG_WARN_SUSPICIOUS_MOVE = YES;
				CLANG_WARN_UNREACHABLE_CODE = YES;
				CLANG_WARN__DUPLICATE_METHOD_MATCH = YES;
				"CODE_SIGN_IDENTITY[sdk=iphoneos*]" = "iPhone Developer";
				COPY_PHASE_STRIP = NO;
				DEBUG_INFORMATION_FORMAT = dwarf;
				ENABLE_STRICT_OBJC_MSGSEND = YES;
				ENABLE_TESTABILITY = YES;
				GCC_C_LANGUAGE_STANDARD = gnu99;
				GCC_DYNAMIC_NO_PIC = NO;
				GCC_NO_COMMON_BLOCKS = YES;
				GCC_OPTIMIZATION_LEVEL = 0;
				GCC_PREPROCESSOR_DEFINITIONS = (
					"DEBUG=1",
					"$(inherited)",
				);
				GCC_WARN_64_TO_32_BIT_CONVERSION = YES;
				GCC_WARN_ABOUT_RETURN_TYPE = YES_ERROR;
				GCC_WARN_UNDECLARED_SELECTOR = YES;
				GCC_WARN_UNINITIALIZED_AUTOS = YES_AGGRESSIVE;
				GCC_WARN_UNUSED_FUNCTION = YES;
				GCC_WARN_UNUSED_VARIABLE = YES;
				IPHONEOS_DEPLOYMENT_TARGET = 9.3;
				MTL_ENABLE_DEBUG_INFO = YES;
				ONLY_ACTIVE_ARCH = YES;
				SDKROOT = iphoneos;
				SWIFT_OPTIMIZATION_LEVEL = "-Onone";
			};
			name = Debug;
		};
		939921641DAD3FDF0043B058 /* Release */ = {
			isa = XCBuildConfiguration;
			buildSettings = {
				ALWAYS_SEARCH_USER_PATHS = NO;
				CLANG_ANALYZER_LOCALIZABILITY_NONLOCALIZED = YES;
				CLANG_ANALYZER_NONNULL = YES;
				CLANG_CXX_LANGUAGE_STANDARD = "gnu++0x";
				CLANG_CXX_LIBRARY = "libc++";
				CLANG_ENABLE_MODULES = YES;
				CLANG_ENABLE_OBJC_ARC = YES;
				CLANG_WARN_BOOL_CONVERSION = YES;
				CLANG_WARN_CONSTANT_CONVERSION = YES;
				CLANG_WARN_DIRECT_OBJC_ISA_USAGE = YES_ERROR;
				CLANG_WARN_EMPTY_BODY = YES;
				CLANG_WARN_ENUM_CONVERSION = YES;
				CLANG_WARN_INFINITE_RECURSION = YES;
				CLANG_WARN_INT_CONVERSION = YES;
				CLANG_WARN_OBJC_ROOT_CLASS = YES_ERROR;
				CLANG_WARN_SUSPICIOUS_MOVE = YES;
				CLANG_WARN_UNREACHABLE_CODE = YES;
				CLANG_WARN__DUPLICATE_METHOD_MATCH = YES;
				"CODE_SIGN_IDENTITY[sdk=iphoneos*]" = "iPhone Developer";
				COPY_PHASE_STRIP = NO;
				DEBUG_INFORMATION_FORMAT = "dwarf-with-dsym";
				ENABLE_NS_ASSERTIONS = NO;
				ENABLE_STRICT_OBJC_MSGSEND = YES;
				GCC_C_LANGUAGE_STANDARD = gnu99;
				GCC_NO_COMMON_BLOCKS = YES;
				GCC_WARN_64_TO_32_BIT_CONVERSION = YES;
				GCC_WARN_ABOUT_RETURN_TYPE = YES_ERROR;
				GCC_WARN_UNDECLARED_SELECTOR = YES;
				GCC_WARN_UNINITIALIZED_AUTOS = YES_AGGRESSIVE;
				GCC_WARN_UNUSED_FUNCTION = YES;
				GCC_WARN_UNUSED_VARIABLE = YES;
				IPHONEOS_DEPLOYMENT_TARGET = 9.3;
				MTL_ENABLE_DEBUG_INFO = NO;
				SDKROOT = iphoneos;
				SWIFT_OPTIMIZATION_LEVEL = "-Owholemodule";
				VALIDATE_PRODUCT = YES;
			};
			name = Release;
		};
		939921661DAD3FDF0043B058 /* Debug */ = {
			isa = XCBuildConfiguration;
			baseConfigurationReference = F9B5C6D4A3713441FF189347 /* Pods-iсварщик.debug.xcconfig */;
			buildSettings = {
				ASSETCATALOG_COMPILER_APPICON_NAME = AppIcon;
				CODE_SIGN_IDENTITY = "iPhone Developer";
				"CODE_SIGN_IDENTITY[sdk=iphoneos*]" = "iPhone Developer";
				DEVELOPMENT_TEAM = D6EK8XP63P;
				INFOPLIST_FILE = "iсварщик/Info.plist";
				IPHONEOS_DEPLOYMENT_TARGET = 10.0;
				LD_RUNPATH_SEARCH_PATHS = "$(inherited) @executable_path/Frameworks";
				PRODUCT_BUNDLE_IDENTIFIER = ru.iSvarshik;
				PRODUCT_NAME = "$(TARGET_NAME)";
				PROVISIONING_PROFILE = "";
				SWIFT_VERSION = 3.0;
			};
			name = Debug;
		};
		939921671DAD3FDF0043B058 /* Release */ = {
			isa = XCBuildConfiguration;
			baseConfigurationReference = B55C3CCE2D658987642F2578 /* Pods-iсварщик.release.xcconfig */;
			buildSettings = {
				ASSETCATALOG_COMPILER_APPICON_NAME = AppIcon;
				CODE_SIGN_IDENTITY = "iPhone Developer";
				"CODE_SIGN_IDENTITY[sdk=iphoneos*]" = "iPhone Developer";
				DEVELOPMENT_TEAM = D6EK8XP63P;
				INFOPLIST_FILE = "iсварщик/Info.plist";
				IPHONEOS_DEPLOYMENT_TARGET = 10.0;
				LD_RUNPATH_SEARCH_PATHS = "$(inherited) @executable_path/Frameworks";
				PRODUCT_BUNDLE_IDENTIFIER = ru.iSvarshik;
				PRODUCT_NAME = "$(TARGET_NAME)";
				PROVISIONING_PROFILE = "";
				SWIFT_VERSION = 3.0;
			};
			name = Release;
		};
/* End XCBuildConfiguration section */

/* Begin XCConfigurationList section */
		9399214C1DAD3FDF0043B058 /* Build configuration list for PBXProject "iCварщик" */ = {
			isa = XCConfigurationList;
			buildConfigurations = (
				939921631DAD3FDF0043B058 /* Debug */,
				939921641DAD3FDF0043B058 /* Release */,
			);
			defaultConfigurationIsVisible = 0;
			defaultConfigurationName = Release;
		};
		939921651DAD3FDF0043B058 /* Build configuration list for PBXNativeTarget "iсварщик" */ = {
			isa = XCConfigurationList;
			buildConfigurations = (
				939921661DAD3FDF0043B058 /* Debug */,
				939921671DAD3FDF0043B058 /* Release */,
			);
			defaultConfigurationIsVisible = 0;
			defaultConfigurationName = Release;
		};
/* End XCConfigurationList section */
	};
	rootObject = 939921491DAD3FDF0043B058 /* Project object */;
}
